
Microsoft Visual Studio Solution File, Format Version 12.00
# Visual Studio Version 16
VisualStudioVersion = 16.0.30804.86
MinimumVisualStudioVersion = 10.0.40219.1
Project("{FAE04EC0-301F-11D3-BF4B-00C04F79EFBC}") = "back-endTestCWTomas", "back-endTestCWTomas\back-endTestCWTomas.csproj", "{75A6C861-7578-4BCB-BECE-AE3A8AB397D6}"
EndProject
Global
	GlobalSection(SolutionConfigurationPlatforms) = preSolution
		Debug|Any CPU = Debug|Any CPU
		Release|Any CPU = Release|Any CPU
	EndGlobalSection
	GlobalSection(ProjectConfigurationPlatforms) = postSolution
		{75A6C861-7578-4BCB-BECE-AE3A8AB397D6}.Debug|Any CPU.ActiveCfg = Debug|Any CPU
		{75A6C861-7578-4BCB-BECE-AE3A8AB397D6}.Debug|Any CPU.Build.0 = Debug|Any CPU
		{75A6C861-7578-4BCB-BECE-AE3A8AB397D6}.Release|Any CPU.ActiveCfg = Release|Any CPU
		{75A6C861-7578-4BCB-BECE-AE3A8AB397D6}.Release|Any CPU.Build.0 = Release|Any CPU
	EndGlobalSection
	GlobalSection(SolutionProperties) = preSolution
		HideSolutionNode = FALSE
	EndGlobalSection
	GlobalSection(ExtensibilityGlobals) = postSolution
		SolutionGuid = {D2E37E30-706B-4012-B2B9-5689E45D3B8C}
	EndGlobalSection
EndGlobal
